
Microsoft Visual Studio Solution File, Format Version 12.00
# Visual Studio Version 17
VisualStudioVersion = 17.4.33213.308
MinimumVisualStudioVersion = 10.0.40219.1
Project("{FAE04EC0-301F-11D3-BF4B-00C04F79EFBC}") = "SP2023-Assignment3-sriddle", "SP2023-Assignment3-sriddle\SP2023-Assignment3-sriddle.csproj", "{0E5AD6BA-8789-472B-AD4A-F9571C487386}"
EndProject
Global
	GlobalSection(SolutionConfigurationPlatforms) = preSolution
		Debug|Any CPU = Debug|Any CPU
		Release|Any CPU = Release|Any CPU
	EndGlobalSection
	GlobalSection(ProjectConfigurationPlatforms) = postSolution
		{0E5AD6BA-8789-472B-AD4A-F9571C487386}.Debug|Any CPU.ActiveCfg = Debug|Any CPU
		{0E5AD6BA-8789-472B-AD4A-F9571C487386}.Debug|Any CPU.Build.0 = Debug|Any CPU
		{0E5AD6BA-8789-472B-AD4A-F9571C487386}.Release|Any CPU.ActiveCfg = Release|Any CPU
		{0E5AD6BA-8789-472B-AD4A-F9571C487386}.Release|Any CPU.Build.0 = Release|Any CPU
	EndGlobalSection
	GlobalSection(SolutionProperties) = preSolution
		HideSolutionNode = FALSE
	EndGlobalSection
	GlobalSection(ExtensibilityGlobals) = postSolution
		SolutionGuid = {CF95A013-7BA1-4394-B05E-C47EFB356768}
	EndGlobalSection
EndGlobal
